
Microsoft Visual Studio Solution File, Format Version 12.00
# Visual Studio 15
VisualStudioVersion = 15.0.26730.3
MinimumVisualStudioVersion = 10.0.40219.1
Project("{FAE04EC0-301F-11D3-BF4B-00C04F79EFBC}") = "ASPMVC_AgroML", "ASPMVC_AgroML\ASPMVC_AgroML.csproj", "{02C09894-35C8-4E1D-9B2D-8D7ED5BAC424}"
EndProject
Global
	GlobalSection(SolutionConfigurationPlatforms) = preSolution
		Debug|Any CPU = Debug|Any CPU
		Release|Any CPU = Release|Any CPU
	EndGlobalSection
	GlobalSection(ProjectConfigurationPlatforms) = postSolution
		{02C09894-35C8-4E1D-9B2D-8D7ED5BAC424}.Debug|Any CPU.ActiveCfg = Debug|Any CPU
		{02C09894-35C8-4E1D-9B2D-8D7ED5BAC424}.Debug|Any CPU.Build.0 = Debug|Any CPU
		{02C09894-35C8-4E1D-9B2D-8D7ED5BAC424}.Release|Any CPU.ActiveCfg = Release|Any CPU
		{02C09894-35C8-4E1D-9B2D-8D7ED5BAC424}.Release|Any CPU.Build.0 = Release|Any CPU
	EndGlobalSection
	GlobalSection(SolutionProperties) = preSolution
		HideSolutionNode = FALSE
	EndGlobalSection
	GlobalSection(ExtensibilityGlobals) = postSolution
		SolutionGuid = {A0E50D74-8617-402E-B036-CF00FD9E9D03}
	EndGlobalSection
EndGlobal
